
Microsoft Visual Studio Solution File, Format Version 12.00
Project("{FAE04EC0-301F-11D3-BF4B-00C04F79EFBC}") = "ExchangeOrLoans", "ExchangeOrLoans\ExchangeOrLoans.csproj", "{FEACB7E3-61E7-40E6-94E1-FB214A23F577}"
EndProject
Global
	GlobalSection(SolutionConfigurationPlatforms) = preSolution
		Debug|Any CPU = Debug|Any CPU
		Release|Any CPU = Release|Any CPU
	EndGlobalSection
	GlobalSection(ProjectConfigurationPlatforms) = postSolution
		{FEACB7E3-61E7-40E6-94E1-FB214A23F577}.Debug|Any CPU.ActiveCfg = Debug|Any CPU
		{FEACB7E3-61E7-40E6-94E1-FB214A23F577}.Debug|Any CPU.Build.0 = Debug|Any CPU
		{FEACB7E3-61E7-40E6-94E1-FB214A23F577}.Release|Any CPU.ActiveCfg = Release|Any CPU
		{FEACB7E3-61E7-40E6-94E1-FB214A23F577}.Release|Any CPU.Build.0 = Release|Any CPU
	EndGlobalSection
EndGlobal
